
Microsoft Visual Studio Solution File, Format Version 12.00
# Visual Studio Version 17
VisualStudioVersion = 17.3.32819.101
MinimumVisualStudioVersion = 10.0.40219.1
Project("{FAE04EC0-301F-11D3-BF4B-00C04F79EFBC}") = "Products.Api", "Products.Api\Products.Api.csproj", "{83EF162C-272D-4990-953C-5DE8C736101E}"
EndProject
Global
	GlobalSection(SolutionConfigurationPlatforms) = preSolution
		Debug|Any CPU = Debug|Any CPU
		Release|Any CPU = Release|Any CPU
	EndGlobalSection
	GlobalSection(ProjectConfigurationPlatforms) = postSolution
		{83EF162C-272D-4990-953C-5DE8C736101E}.Debug|Any CPU.ActiveCfg = Debug|Any CPU
		{83EF162C-272D-4990-953C-5DE8C736101E}.Debug|Any CPU.Build.0 = Debug|Any CPU
		{83EF162C-272D-4990-953C-5DE8C736101E}.Release|Any CPU.ActiveCfg = Release|Any CPU
		{83EF162C-272D-4990-953C-5DE8C736101E}.Release|Any CPU.Build.0 = Release|Any CPU
	EndGlobalSection
	GlobalSection(SolutionProperties) = preSolution
		HideSolutionNode = FALSE
	EndGlobalSection
	GlobalSection(ExtensibilityGlobals) = postSolution
		SolutionGuid = {57AA8038-F563-4D58-B618-7956C000FE71}
	EndGlobalSection
EndGlobal
